// !$*UTF8*$!
{
	archiveVersion = 1;
	classes = {
	};
	objectVersion = 56;
	objects = {

/* Begin PBXBuildFile section */
		FBE578BB2CA959D300110821 /* AppDelegate.m in Sources */ = {isa = PBXBuildFile; fileRef = FBE578BA2CA959D300110821 /* AppDelegate.m */; };
		FBE578BE2CA959D300110821 /* SceneDelegate.m in Sources */ = {isa = PBXBuildFile; fileRef = FBE578BD2CA959D300110821 /* SceneDelegate.m */; };
		FBE578C12CA959D300110821 /* ViewController.m in Sources */ = {isa = PBXBuildFile; fileRef = FBE578C02CA959D300110821 /* ViewController.m */; };
		FBE578C42CA959D300110821 /* Base in Resources */ = {isa = PBXBuildFile; fileRef = FBE578C32CA959D300110821 /* Base */; };
		FBE578C62CA959D400110821 /* Assets.xcassets in Resources */ = {isa = PBXBuildFile; fileRef = FBE578C52CA959D400110821 /* Assets.xcassets */; };
		FBE578C92CA959D400110821 /* Base in Resources */ = {isa = PBXBuildFile; fileRef = FBE578C82CA959D400110821 /* Base */; };
		FBE578CC2CA959D400110821 /* main.m in Sources */ = {isa = PBXBuildFile; fileRef = FBE578CB2CA959D400110821 /* main.m */; };
		FBE578D62CA959D500110821 /* UISliderTests.m in Sources */ = {isa = PBXBuildFile; fileRef = FBE578D52CA959D500110821 /* UISliderTests.m */; };
		FBE578E02CA959D500110821 /* UISliderUITests.m in Sources */ = {isa = PBXBuildFile; fileRef = FBE578DF2CA959D500110821 /* UISliderUITests.m */; };
		FBE578E22CA959D500110821 /* UISliderUITestsLaunchTests.m in Sources */ = {isa = PBXBuildFile; fileRef = FBE578E12CA959D500110821 /* UISliderUITestsLaunchTests.m */; };
/* End PBXBuildFile section */

/* Begin PBXContainerItemProxy section */
		FBE578D22CA959D500110821 /* PBXContainerItemProxy */ = {
			isa = PBXContainerItemProxy;
			containerPortal = FBE578AE2CA959D200110821 /* Project object */;
			proxyType = 1;
			remoteGlobalIDString = FBE578B52CA959D300110821;
			remoteInfo = UISlider;
		};
		FBE578DC2CA959D500110821 /* PBXContainerItemProxy */ = {
			isa = PBXContainerItemProxy;
			containerPortal = FBE578AE2CA959D200110821 /* Project object */;
			proxyType = 1;
			remoteGlobalIDString = FBE578B52CA959D300110821;
			remoteInfo = UISlider;
		};
/* End PBXContainerItemProxy section */

/* Begin PBXFileReference section */
		FBE578B62CA959D300110821 /* UISlider.app */ = {isa = PBXFileReference; explicitFileType = wrapper.application; includeInIndex = 0; path = UISlider.app; sourceTree = BUILT_PRODUCTS_DIR; };
		FBE578B92CA959D300110821 /* AppDelegate.h */ = {isa = PBXFileReference; lastKnownFileType = sourcecode.c.h; path = AppDelegate.h; sourceTree = "<group>"; };
		FBE578BA2CA959D300110821 /* AppDelegate.m */ = {isa = PBXFileReference; lastKnownFileType = sourcecode.c.objc; path = AppDelegate.m; sourceTree = "<group>"; };
		FBE578BC2CA959D300110821 /* SceneDelegate.h */ = {isa = PBXFileReference; lastKnownFileType = sourcecode.c.h; path = SceneDelegate.h; sourceTree = "<group>"; };
		FBE578BD2CA959D300110821 /* SceneDelegate.m */ = {isa = PBXFileReference; lastKnownFileType = sourcecode.c.objc; path = SceneDelegate.m; sourceTree = "<group>"; };
		FBE578BF2CA959D300110821 /* ViewController.h */ = {isa = PBXFileReference; lastKnownFileType = sourcecode.c.h; path = ViewController.h; sourceTree = "<group>"; };
		FBE578C02CA959D300110821 /* ViewController.m */ = {isa = PBXFileReference; lastKnownFileType = sourcecode.c.objc; path = ViewController.m; sourceTree = "<group>"; };
		FBE578C32CA959D300110821 /* Base */ = {isa = PBXFileReference; lastKnownFileType = file.storyboard; name = Base; path = Base.lproj/Main.storyboard; sourceTree = "<group>"; };
		FBE578C52CA959D400110821 /* Assets.xcassets */ = {isa = PBXFileReference; lastKnownFileType = folder.assetcatalog; path = Assets.xcassets; sourceTree = "<group>"; };
		FBE578C82CA959D400110821 /* Base */ = {isa = PBXFileReference; lastKnownFileType = file.storyboard; name = Base; path = Base.lproj/LaunchScreen.storyboard; sourceTree = "<group>"; };
		FBE578CA2CA959D400110821 /* Info.plist */ = {isa = PBXFileReference; lastKnownFileType = text.plist.xml; path = Info.plist; sourceTree = "<group>"; };
		FBE578CB2CA959D400110821 /* main.m */ = {isa = PBXFileReference; lastKnownFileType = sourcecode.c.objc; path = main.m; sourceTree = "<group>"; };
		FBE578D12CA959D500110821 /* UISliderTests.xctest */ = {isa = PBXFileReference; explicitFileType = wrapper.cfbundle; includeInIndex = 0; path = UISliderTests.xctest; sourceTree = BUILT_PRODUCTS_DIR; };
		FBE578D52CA959D500110821 /* UISliderTests.m */ = {isa = PBXFileReference; lastKnownFileType = sourcecode.c.objc; path = UISliderTests.m; sourceTree = "<group>"; };
		FBE578DB2CA959D500110821 /* UISliderUITests.xctest */ = {isa = PBXFileReference; explicitFileType = wrapper.cfbundle; includeInIndex = 0; path = UISliderUITests.xctest; sourceTree = BUILT_PRODUCTS_DIR; };
		FBE578DF2CA959D500110821 /* UISliderUITests.m */ = {isa = PBXFileReference; lastKnownFileType = sourcecode.c.objc; path = UISliderUITests.m; sourceTree = "<group>"; };
		FBE578E12CA959D500110821 /* UISliderUITestsLaunchTests.m */ = {isa = PBXFileReference; lastKnownFileType = sourcecode.c.objc; path = UISliderUITestsLaunchTests.m; sourceTree = "<group>"; };
/* End PBXFileReference section */

/* Begin PBXFrameworksBuildPhase section */
		FBE578B32CA959D300110821 /* Frameworks */ = {
			isa = PBXFrameworksBuildPhase;
			buildActionMask = 2147483647;
			files = (
			);
			runOnlyForDeploymentPostprocessing = 0;
		};
		FBE578CE2CA959D500110821 /* Frameworks */ = {
			isa = PBXFrameworksBuildPhase;
			buildActionMask = 2147483647;
			files = (
			);
			runOnlyForDeploymentPostprocessing = 0;
		};
		FBE578D82CA959D500110821 /* Frameworks */ = {
			isa = PBXFrameworksBuildPhase;
			buildActionMask = 2147483647;
			files = (
			);
			runOnlyForDeploymentPostprocessing = 0;
		};
/* End PBXFrameworksBuildPhase section */

/* Begin PBXGroup section */
		FBE578AD2CA959D200110821 = {
			isa = PBXGroup;
			children = (
				FBE578B82CA959D300110821 /* UISlider */,
				FBE578D42CA959D500110821 /* UISliderTests */,
				FBE578DE2CA959D500110821 /* UISliderUITests */,
				FBE578B72CA959D300110821 /* Products */,
			);
			sourceTree = "<group>";
		};
		FBE578B72CA959D300110821 /* Products */ = {
			isa = PBXGroup;
			children = (
				FBE578B62CA959D300110821 /* UISlider.app */,
				FBE578D12CA959D500110821 /* UISliderTests.xctest */,
				FBE578DB2CA959D500110821 /* UISliderUITests.xctest */,
			);
			name = Products;
			sourceTree = "<group>";
		};
		FBE578B82CA959D300110821 /* UISlider */ = {
			isa = PBXGroup;
			children = (
				FBE578B92CA959D300110821 /* AppDelegate.h */,
				FBE578BA2CA959D300110821 /* AppDelegate.m */,
				FBE578BC2CA959D300110821 /* SceneDelegate.h */,
				FBE578BD2CA959D300110821 /* SceneDelegate.m */,
				FBE578BF2CA959D300110821 /* ViewController.h */,
				FBE578C02CA959D300110821 /* ViewController.m */,
				FBE578C22CA959D300110821 /* Main.storyboard */,
				FBE578C52CA959D400110821 /* Assets.xcassets */,
				FBE578C72CA959D400110821 /* LaunchScreen.storyboard */,
				FBE578CA2CA959D400110821 /* Info.plist */,
				FBE578CB2CA959D400110821 /* main.m */,
			);
			path = UISlider;
			sourceTree = "<group>";
		};
		FBE578D42CA959D500110821 /* UISliderTests */ = {
			isa = PBXGroup;
			children = (
				FBE578D52CA959D500110821 /* UISliderTests.m */,
			);
			path = UISliderTests;
			sourceTree = "<group>";
		};
		FBE578DE2CA959D500110821 /* UISliderUITests */ = {
			isa = PBXGroup;
			children = (
				FBE578DF2CA959D500110821 /* UISliderUITests.m */,
				FBE578E12CA959D500110821 /* UISliderUITestsLaunchTests.m */,
			);
			path = UISliderUITests;
			sourceTree = "<group>";
		};
/* End PBXGroup section */

/* Begin PBXNativeTarget section */
		FBE578B52CA959D300110821 /* UISlider */ = {
			isa = PBXNativeTarget;
			buildConfigurationList = FBE578E52CA959D500110821 /* Build configuration list for PBXNativeTarget "UISlider" */;
			buildPhases = (
				FBE578B22CA959D300110821 /* Sources */,
				FBE578B32CA959D300110821 /* Frameworks */,
				FBE578B42CA959D300110821 /* Resources */,
			);
			buildRules = (
			);
			dependencies = (
			);
			name = UISlider;
			productName = UISlider;
			productReference = FBE578B62CA959D300110821 /* UISlider.app */;
			productType = "com.apple.product-type.application";
		};
		FBE578D02CA959D500110821 /* UISliderTests */ = {
			isa = PBXNativeTarget;
			buildConfigurationList = FBE578E82CA959D500110821 /* Build configuration list for PBXNativeTarget "UISliderTests" */;
			buildPhases = (
				FBE578CD2CA959D500110821 /* Sources */,
				FBE578CE2CA959D500110821 /* Frameworks */,
				FBE578CF2CA959D500110821 /* Resources */,
			);
			buildRules = (
			);
			dependencies = (
				FBE578D32CA959D500110821 /* PBXTargetDependency */,
			);
			name = UISliderTests;
			productName = UISliderTests;
			productReference = FBE578D12CA959D500110821 /* UISliderTests.xctest */;
			productType = "com.apple.product-type.bundle.unit-test";
		};
		FBE578DA2CA959D500110821 /* UISliderUITests */ = {
			isa = PBXNativeTarget;
			buildConfigurationList = FBE578EB2CA959D500110821 /* Build configuration list for PBXNativeTarget "UISliderUITests" */;
			buildPhases = (
				FBE578D72CA959D500110821 /* Sources */,
				FBE578D82CA959D500110821 /* Frameworks */,
				FBE578D92CA959D500110821 /* Resources */,
			);
			buildRules = (
			);
			dependencies = (
				FBE578DD2CA959D500110821 /* PBXTargetDependency */,
			);
			name = UISliderUITests;
			productName = UISliderUITests;
			productReference = FBE578DB2CA959D500110821 /* UISliderUITests.xctest */;
			productType = "com.apple.product-type.bundle.ui-testing";
		};
/* End PBXNativeTarget section */

/* Begin PBXProject section */
		FBE578AE2CA959D200110821 /* Project object */ = {
			isa = PBXProject;
			attributes = {
				BuildIndependentTargetsInParallel = 1;
				LastUpgradeCheck = 1540;
				TargetAttributes = {
					FBE578B52CA959D300110821 = {
						CreatedOnToolsVersion = 15.4;
					};
					FBE578D02CA959D500110821 = {
						CreatedOnToolsVersion = 15.4;
						TestTargetID = FBE578B52CA959D300110821;
					};
					FBE578DA2CA959D500110821 = {
						CreatedOnToolsVersion = 15.4;
						TestTargetID = FBE578B52CA959D300110821;
					};
				};
			};
			buildConfigurationList = FBE578B12CA959D200110821 /* Build configuration list for PBXProject "UISlider" */;
			compatibilityVersion = "Xcode 14.0";
			developmentRegion = en;
			hasScannedForEncodings = 0;
			knownRegions = (
				en,
				Base,
			);
			mainGroup = FBE578AD2CA959D200110821;
			productRefGroup = FBE578B72CA959D300110821 /* Products */;
			projectDirPath = "";
			projectRoot = "";
			targets = (
				FBE578B52CA959D300110821 /* UISlider */,
				FBE578D02CA959D500110821 /* UISliderTests */,
				FBE578DA2CA959D500110821 /* UISliderUITests */,
			);
		};
/* End PBXProject section */

/* Begin PBXResourcesBuildPhase section */
		FBE578B42CA959D300110821 /* Resources */ = {
			isa = PBXResourcesBuildPhase;
			buildActionMask = 2147483647;
			files = (
				FBE578C62CA959D400110821 /* Assets.xcassets in Resources */,
				FBE578C92CA959D400110821 /* Base in Resources */,
				FBE578C42CA959D300110821 /* Base in Resources */,
			);
			runOnlyForDeploymentPostprocessing = 0;
		};
		FBE578CF2CA959D500110821 /* Resources */ = {
			isa = PBXResourcesBuildPhase;
			buildActionMask = 2147483647;
			files = (
			);
			runOnlyForDeploymentPostprocessing = 0;
		};
		FBE578D92CA959D500110821 /* Resources */ = {
			isa = PBXResourcesBuildPhase;
			buildActionMask = 2147483647;
			files = (
			);
			runOnlyForDeploymentPostprocessing = 0;
		};
/* End PBXResourcesBuildPhase section */

/* Begin PBXSourcesBuildPhase section */
		FBE578B22CA959D300110821 /* Sources */ = {
			isa = PBXSourcesBuildPhase;
			buildActionMask = 2147483647;
			files = (
				FBE578C12CA959D300110821 /* ViewController.m in Sources */,
				FBE578BB2CA959D300110821 /* AppDelegate.m in Sources */,
				FBE578CC2CA959D400110821 /* main.m in Sources */,
				FBE578BE2CA959D300110821 /* SceneDelegate.m in Sources */,
			);
			runOnlyForDeploymentPostprocessing = 0;
		};
		FBE578CD2CA959D500110821 /* Sources */ = {
			isa = PBXSourcesBuildPhase;
			buildActionMask = 2147483647;
			files = (
				FBE578D62CA959D500110821 /* UISliderTests.m in Sources */,
			);
			runOnlyForDeploymentPostprocessing = 0;
		};
		FBE578D72CA959D500110821 /* Sources */ = {
			isa = PBXSourcesBuildPhase;
			buildActionMask = 2147483647;
			files = (
				FBE578E02CA959D500110821 /* UISliderUITests.m in Sources */,
				FBE578E22CA959D500110821 /* UISliderUITestsLaunchTests.m in Sources */,
			);
			runOnlyForDeploymentPostprocessing = 0;
		};
/* End PBXSourcesBuildPhase section */

/* Begin PBXTargetDependency section */
		FBE578D32CA959D500110821 /* PBXTargetDependency */ = {
			isa = PBXTargetDependency;
			target = FBE578B52CA959D300110821 /* UISlider */;
			targetProxy = FBE578D22CA959D500110821 /* PBXContainerItemProxy */;
		};
		FBE578DD2CA959D500110821 /* PBXTargetDependency */ = {
			isa = PBXTargetDependency;
			target = FBE578B52CA959D300110821 /* UISlider */;
			targetProxy = FBE578DC2CA959D500110821 /* PBXContainerItemProxy */;
		};
/* End PBXTargetDependency section */

/* Begin PBXVariantGroup section */
		FBE578C22CA959D300110821 /* Main.storyboard */ = {
			isa = PBXVariantGroup;
			children = (
				FBE578C32CA959D300110821 /* Base */,
			);
			name = Main.storyboard;
			sourceTree = "<group>";
		};
		FBE578C72CA959D400110821 /* LaunchScreen.storyboard */ = {
			isa = PBXVariantGroup;
			children = (
				FBE578C82CA959D400110821 /* Base */,
			);
			name = LaunchScreen.storyboard;
			sourceTree = "<group>";
		};
/* End PBXVariantGroup section */

/* Begin XCBuildConfiguration section */
		FBE578E32CA959D500110821 /* Debug */ = {
			isa = XCBuildConfiguration;
			buildSettings = {
				ALWAYS_SEARCH_USER_PATHS = NO;
				ASSETCATALOG_COMPILER_GENERATE_SWIFT_ASSET_SYMBOL_EXTENSIONS = YES;
				CLANG_ANALYZER_NONNULL = YES;
				CLANG_ANALYZER_NUMBER_OBJECT_CONVERSION = YES_AGGRESSIVE;
				CLANG_CXX_LANGUAGE_STANDARD = "gnu++20";
				CLANG_ENABLE_MODULES = YES;
				CLANG_ENABLE_OBJC_ARC = YES;
				CLANG_ENABLE_OBJC_WEAK = YES;
				CLANG_WARN_BLOCK_CAPTURE_AUTORELEASING = YES;
				CLANG_WARN_BOOL_CONVERSION = YES;
				CLANG_WARN_COMMA = YES;
				CLANG_WARN_CONSTANT_CONVERSION = YES;
				CLANG_WARN_DEPRECATED_OBJC_IMPLEMENTATIONS = YES;
				CLANG_WARN_DIRECT_OBJC_ISA_USAGE = YES_ERROR;
				CLANG_WARN_DOCUMENTATION_COMMENTS = YES;
				CLANG_WARN_EMPTY_BODY = YES;
				CLANG_WARN_ENUM_CONVERSION = YES;
				CLANG_WARN_INFINITE_RECURSION = YES;
				CLANG_WARN_INT_CONVERSION = YES;
				CLANG_WARN_NON_LITERAL_NULL_CONVERSION = YES;
				CLANG_WARN_OBJC_IMPLICIT_RETAIN_SELF = YES;
				CLANG_WARN_OBJC_LITERAL_CONVERSION = YES;
				CLANG_WARN_OBJC_ROOT_CLASS = YES_ERROR;
				CLANG_WARN_QUOTED_INCLUDE_IN_FRAMEWORK_HEADER = YES;
				CLANG_WARN_RANGE_LOOP_ANALYSIS = YES;
				CLANG_WARN_STRICT_PROTOTYPES = YES;
				CLANG_WARN_SUSPICIOUS_MOVE = YES;
				CLANG_WARN_UNGUARDED_AVAILABILITY = YES_AGGRESSIVE;
				CLANG_WARN_UNREACHABLE_CODE = YES;
				CLANG_WARN__DUPLICATE_METHOD_MATCH = YES;
				COPY_PHASE_STRIP = NO;
				DEBUG_INFORMATION_FORMAT = dwarf;
				ENABLE_STRICT_OBJC_MSGSEND = YES;
				ENABLE_TESTABILITY = YES;
				ENABLE_USER_SCRIPT_SANDBOXING = YES;
				GCC_C_LANGUAGE_STANDARD = gnu17;
				GCC_DYNAMIC_NO_PIC = NO;
				GCC_NO_COMMON_BLOCKS = YES;
				GCC_OPTIMIZATION_LEVEL = 0;
				GCC_PREPROCESSOR_DEFINITIONS = (
					"DEBUG=1",
					"$(inherited)",
				);
				GCC_WARN_64_TO_32_BIT_CONVERSION = YES;
				GCC_WARN_ABOUT_RETURN_TYPE = YES_ERROR;
				GCC_WARN_UNDECLARED_SELECTOR = YES;
				GCC_WARN_UNINITIALIZED_AUTOS = YES_AGGRESSIVE;
				GCC_WARN_UNUSED_FUNCTION = YES;
				GCC_WARN_UNUSED_VARIABLE = YES;
				IPHONEOS_DEPLOYMENT_TARGET = 17.5;
				LOCALIZATION_PREFERS_STRING_CATALOGS = YES;
				MTL_ENABLE_DEBUG_INFO = INCLUDE_SOURCE;
				MTL_FAST_MATH = YES;
				ONLY_ACTIVE_ARCH = YES;
				SDKROOT = iphoneos;
			};
			name = Debug;
		};
		FBE578E42CA959D500110821 /* Release */ = {
			isa = XCBuildConfiguration;
			buildSettings = {
				ALWAYS_SEARCH_USER_PATHS = NO;
				ASSETCATALOG_COMPILER_GENERATE_SWIFT_ASSET_SYMBOL_EXTENSIONS = YES;
				CLANG_ANALYZER_NONNULL = YES;
				CLANG_ANALYZER_NUMBER_OBJECT_CONVERSION = YES_AGGRESSIVE;
				CLANG_CXX_LANGUAGE_STANDARD = "gnu++20";
				CLANG_ENABLE_MODULES = YES;
				CLANG_ENABLE_OBJC_ARC = YES;
				CLANG_ENABLE_OBJC_WEAK = YES;
				CLANG_WARN_BLOCK_CAPTURE_AUTORELEASING = YES;
				CLANG_WARN_BOOL_CONVERSION = YES;
				CLANG_WARN_COMMA = YES;
				CLANG_WARN_CONSTANT_CONVERSION = YES;
				CLANG_WARN_DEPRECATED_OBJC_IMPLEMENTATIONS = YES;
				CLANG_WARN_DIRECT_OBJC_ISA_USAGE = YES_ERROR;
				CLANG_WARN_DOCUMENTATION_COMMENTS = YES;
				CLANG_WARN_EMPTY_BODY = YES;
				CLANG_WARN_ENUM_CONVERSION = YES;
				CLANG_WARN_INFINITE_RECURSION = YES;
				CLANG_WARN_INT_CONVERSION = YES;
				CLANG_WARN_NON_LITERAL_NULL_CONVERSION = YES;
				CLANG_WARN_OBJC_IMPLICIT_RETAIN_SELF = YES;
				CLANG_WARN_OBJC_LITERAL_CONVERSION = YES;
				CLANG_WARN_OBJC_ROOT_CLASS = YES_ERROR;
				CLANG_WARN_QUOTED_INCLUDE_IN_FRAMEWORK_HEADER = YES;
				CLANG_WARN_RANGE_LOOP_ANALYSIS = YES;
				CLANG_WARN_STRICT_PROTOTYPES = YES;
				CLANG_WARN_SUSPICIOUS_MOVE = YES;
				CLANG_WARN_UNGUARDED_AVAILABILITY = YES_AGGRESSIVE;
				CLANG_WARN_UNREACHABLE_CODE = YES;
				CLANG_WARN__DUPLICATE_METHOD_MATCH = YES;
				COPY_PHASE_STRIP = NO;
				DEBUG_INFORMATION_FORMAT = "dwarf-with-dsym";
				ENABLE_NS_ASSERTIONS = NO;
				ENABLE_STRICT_OBJC_MSGSEND = YES;
				ENABLE_USER_SCRIPT_SANDBOXING = YES;
				GCC_C_LANGUAGE_STANDARD = gnu17;
				GCC_NO_COMMON_BLOCKS = YES;
				GCC_WARN_64_TO_32_BIT_CONVERSION = YES;
				GCC_WARN_ABOUT_RETURN_TYPE = YES_ERROR;
				GCC_WARN_UNDECLARED_SELECTOR = YES;
				GCC_WARN_UNINITIALIZED_AUTOS = YES_AGGRESSIVE;
				GCC_WARN_UNUSED_FUNCTION = YES;
				GCC_WARN_UNUSED_VARIABLE = YES;
				IPHONEOS_DEPLOYMENT_TARGET = 17.5;
				LOCALIZATION_PREFERS_STRING_CATALOGS = YES;
				MTL_ENABLE_DEBUG_INFO = NO;
				MTL_FAST_MATH = YES;
				SDKROOT = iphoneos;
				VALIDATE_PRODUCT = YES;
			};
			name = Release;
		};
		FBE578E62CA959D500110821 /* Debug */ = {
			isa = XCBuildConfiguration;
			buildSettings = {
				ASSETCATALOG_COMPILER_APPICON_NAME = AppIcon;
				ASSETCATALOG_COMPILER_GLOBAL_ACCENT_COLOR_NAME = AccentColor;
				CODE_SIGN_STYLE = Automatic;
				CURRENT_PROJECT_VERSION = 1;
				DEVELOPMENT_TEAM = 9AUBMAHTHG;
				GENERATE_INFOPLIST_FILE = YES;
				INFOPLIST_FILE = UISlider/Info.plist;
				INFOPLIST_KEY_UIApplicationSupportsIndirectInputEvents = YES;
				INFOPLIST_KEY_UILaunchStoryboardName = LaunchScreen;
				INFOPLIST_KEY_UIMainStoryboardFile = Main;
				INFOPLIST_KEY_UISupportedInterfaceOrientations_iPad = "UIInterfaceOrientationPortrait UIInterfaceOrientationPortraitUpsideDown UIInterfaceOrientationLandscapeLeft UIInterfaceOrientationLandscapeRight";
				INFOPLIST_KEY_UISupportedInterfaceOrientations_iPhone = "UIInterfaceOrientationPortrait UIInterfaceOrientationLandscapeLeft UIInterfaceOrientationLandscapeRight";
				LD_RUNPATH_SEARCH_PATHS = (
					"$(inherited)",
					"@executable_path/Frameworks",
				);
				MARKETING_VERSION = 1.0;
				PRODUCT_BUNDLE_IDENTIFIER = example.UISlider;
				PRODUCT_NAME = "$(TARGET_NAME)";
				SWIFT_EMIT_LOC_STRINGS = YES;
				TARGETED_DEVICE_FAMILY = "1,2";
			};
			name = Debug;
		};
		FBE578E72CA959D500110821 /* Release */ = {
			isa = XCBuildConfiguration;
			buildSettings = {
				ASSETCATALOG_COMPILER_APPICON_NAME = AppIcon;
				ASSETCATALOG_COMPILER_GLOBAL_ACCENT_COLOR_NAME = AccentColor;
				CODE_SIGN_STYLE = Automatic;
				CURRENT_PROJECT_VERSION = 1;
				DEVELOPMENT_TEAM = 9AUBMAHTHG;
				GENERATE_INFOPLIST_FILE = YES;
				INFOPLIST_FILE = UISlider/Info.plist;
				INFOPLIST_KEY_UIApplicationSupportsIndirectInputEvents = YES;
				INFOPLIST_KEY_UILaunchStoryboardName = LaunchScreen;
				INFOPLIST_KEY_UIMainStoryboardFile = Main;
				INFOPLIST_KEY_UISupportedInterfaceOrientations_iPad = "UIInterfaceOrientationPortrait UIInterfaceOrientationPortraitUpsideDown UIInterfaceOrientationLandscapeLeft UIInterfaceOrientationLandscapeRight";
				INFOPLIST_KEY_UISupportedInterfaceOrientations_iPhone = "UIInterfaceOrientationPortrait UIInterfaceOrientationLandscapeLeft UIInterfaceOrientationLandscapeRight";
				LD_RUNPATH_SEARCH_PATHS = (
					"$(inherited)",
					"@executable_path/Frameworks",
				);
				MARKETING_VERSION = 1.0;
				PRODUCT_BUNDLE_IDENTIFIER = example.UISlider;
				PRODUCT_NAME = "$(TARGET_NAME)";
				SWIFT_EMIT_LOC_STRINGS = YES;
				TARGETED_DEVICE_FAMILY = "1,2";
			};
			name = Release;
		};
		FBE578E92CA959D500110821 /* Debug */ = {
			isa = XCBuildConfiguration;
			buildSettings = {
				BUNDLE_LOADER = "$(TEST_HOST)";
				CODE_SIGN_STYLE = Automatic;
				CURRENT_PROJECT_VERSION = 1;
				DEVELOPMENT_TEAM = 9AUBMAHTHG;
				GENERATE_INFOPLIST_FILE = YES;
				IPHONEOS_DEPLOYMENT_TARGET = 17.5;
				MARKETING_VERSION = 1.0;
				PRODUCT_BUNDLE_IDENTIFIER = example.UISliderTests;
				PRODUCT_NAME = "$(TARGET_NAME)";
				SWIFT_EMIT_LOC_STRINGS = NO;
				TARGETED_DEVICE_FAMILY = "1,2";
				TEST_HOST = "$(BUILT_PRODUCTS_DIR)/UISlider.app/$(BUNDLE_EXECUTABLE_FOLDER_PATH)/UISlider";
			};
			name = Debug;
		};
		FBE578EA2CA959D500110821 /* Release */ = {
			isa = XCBuildConfiguration;
			buildSettings = {
				BUNDLE_LOADER = "$(TEST_HOST)";
				CODE_SIGN_STYLE = Automatic;
				CURRENT_PROJECT_VERSION = 1;
				DEVELOPMENT_TEAM = 9AUBMAHTHG;
				GENERATE_INFOPLIST_FILE = YES;
				IPHONEOS_DEPLOYMENT_TARGET = 17.5;
				MARKETING_VERSION = 1.0;
				PRODUCT_BUNDLE_IDENTIFIER = example.UISliderTests;
				PRODUCT_NAME = "$(TARGET_NAME)";
				SWIFT_EMIT_LOC_STRINGS = NO;
				TARGETED_DEVICE_FAMILY = "1,2";
				TEST_HOST = "$(BUILT_PRODUCTS_DIR)/UISlider.app/$(BUNDLE_EXECUTABLE_FOLDER_PATH)/UISlider";
			};
			name = Release;
		};
		FBE578EC2CA959D500110821 /* Debug */ = {
			isa = XCBuildConfiguration;
			buildSettings = {
				CODE_SIGN_STYLE = Automatic;
				CURRENT_PROJECT_VERSION = 1;
				DEVELOPMENT_TEAM = 9AUBMAHTHG;
				GENERATE_INFOPLIST_FILE = YES;
				MARKETING_VERSION = 1.0;
				PRODUCT_BUNDLE_IDENTIFIER = example.UISliderUITests;
				PRODUCT_NAME = "$(TARGET_NAME)";
				SWIFT_EMIT_LOC_STRINGS = NO;
				TARGETED_DEVICE_FAMILY = "1,2";
				TEST_TARGET_NAME = UISlider;
			};
			name = Debug;
		};
		FBE578ED2CA959D500110821 /* Release */ = {
			isa = XCBuildConfiguration;
			buildSettings = {
				CODE_SIGN_STYLE = Automatic;
				CURRENT_PROJECT_VERSION = 1;
				DEVELOPMENT_TEAM = 9AUBMAHTHG;
				GENERATE_INFOPLIST_FILE = YES;
				MARKETING_VERSION = 1.0;
				PRODUCT_BUNDLE_IDENTIFIER = example.UISliderUITests;
				PRODUCT_NAME = "$(TARGET_NAME)";
				SWIFT_EMIT_LOC_STRINGS = NO;
				TARGETED_DEVICE_FAMILY = "1,2";
				TEST_TARGET_NAME = UISlider;
			};
			name = Release;
		};
/* End XCBuildConfiguration section */

/* Begin XCConfigurationList section */
		FBE578B12CA959D200110821 /* Build configuration list for PBXProject "UISlider" */ = {
			isa = XCConfigurationList;
			buildConfigurations = (
				FBE578E32CA959D500110821 /* Debug */,
				FBE578E42CA959D500110821 /* Release */,
			);
			defaultConfigurationIsVisible = 0;
			defaultConfigurationName = Release;
		};
		FBE578E52CA959D500110821 /* Build configuration list for PBXNativeTarget "UISlider" */ = {
			isa = XCConfigurationList;
			buildConfigurations = (
				FBE578E62CA959D500110821 /* Debug */,
				FBE578E72CA959D500110821 /* Release */,
			);
			defaultConfigurationIsVisible = 0;
			defaultConfigurationName = Release;
		};
		FBE578E82CA959D500110821 /* Build configuration list for PBXNativeTarget "UISliderTests" */ = {
			isa = XCConfigurationList;
			buildConfigurations = (
				FBE578E92CA959D500110821 /* Debug */,
				FBE578EA2CA959D500110821 /* Release */,
			);
			defaultConfigurationIsVisible = 0;
			defaultConfigurationName = Release;
		};
		FBE578EB2CA959D500110821 /* Build configuration list for PBXNativeTarget "UISliderUITests" */ = {
			isa = XCConfigurationList;
			buildConfigurations = (
				FBE578EC2CA959D500110821 /* Debug */,
				FBE578ED2CA959D500110821 /* Release */,
			);
			defaultConfigurationIsVisible = 0;
			defaultConfigurationName = Release;
		};
/* End XCConfigurationList section */
	};
	rootObject = FBE578AE2CA959D200110821 /* Project object */;
}
