// !$*UTF8*$!
{
	archiveVersion = 1;
	classes = {
	};
	objectVersion = 56;
	objects = {

/* Begin PBXBuildFile section */
		FBE579BF2CAA8AEF00110821 /* AppDelegate.m in Sources */ = {isa = PBXBuildFile; fileRef = FBE579BE2CAA8AEF00110821 /* AppDelegate.m */; };
		FBE579C22CAA8AEF00110821 /* SceneDelegate.m in Sources */ = {isa = PBXBuildFile; fileRef = FBE579C12CAA8AEF00110821 /* SceneDelegate.m */; };
		FBE579C52CAA8AEF00110821 /* ViewController.m in Sources */ = {isa = PBXBuildFile; fileRef = FBE579C42CAA8AEF00110821 /* ViewController.m */; };
		FBE579C82CAA8AEF00110821 /* Base in Resources */ = {isa = PBXBuildFile; fileRef = FBE579C72CAA8AEF00110821 /* Base */; };
		FBE579CA2CAA8AF100110821 /* Assets.xcassets in Resources */ = {isa = PBXBuildFile; fileRef = FBE579C92CAA8AF100110821 /* Assets.xcassets */; };
		FBE579CD2CAA8AF100110821 /* Base in Resources */ = {isa = PBXBuildFile; fileRef = FBE579CC2CAA8AF100110821 /* Base */; };
		FBE579D02CAA8AF100110821 /* main.m in Sources */ = {isa = PBXBuildFile; fileRef = FBE579CF2CAA8AF100110821 /* main.m */; };
		FBE579DA2CAA8AF100110821 /* UISwipeGestureTests.m in Sources */ = {isa = PBXBuildFile; fileRef = FBE579D92CAA8AF100110821 /* UISwipeGestureTests.m */; };
		FBE579E42CAA8AF100110821 /* UISwipeGestureUITests.m in Sources */ = {isa = PBXBuildFile; fileRef = FBE579E32CAA8AF100110821 /* UISwipeGestureUITests.m */; };
		FBE579E62CAA8AF100110821 /* UISwipeGestureUITestsLaunchTests.m in Sources */ = {isa = PBXBuildFile; fileRef = FBE579E52CAA8AF100110821 /* UISwipeGestureUITestsLaunchTests.m */; };
/* End PBXBuildFile section */

/* Begin PBXContainerItemProxy section */
		FBE579D62CAA8AF100110821 /* PBXContainerItemProxy */ = {
			isa = PBXContainerItemProxy;
			containerPortal = FBE579B22CAA8AEF00110821 /* Project object */;
			proxyType = 1;
			remoteGlobalIDString = FBE579B92CAA8AEF00110821;
			remoteInfo = UISwipeGesture;
		};
		FBE579E02CAA8AF100110821 /* PBXContainerItemProxy */ = {
			isa = PBXContainerItemProxy;
			containerPortal = FBE579B22CAA8AEF00110821 /* Project object */;
			proxyType = 1;
			remoteGlobalIDString = FBE579B92CAA8AEF00110821;
			remoteInfo = UISwipeGesture;
		};
/* End PBXContainerItemProxy section */

/* Begin PBXFileReference section */
		FBE579BA2CAA8AEF00110821 /* UISwipeGesture.app */ = {isa = PBXFileReference; explicitFileType = wrapper.application; includeInIndex = 0; path = UISwipeGesture.app; sourceTree = BUILT_PRODUCTS_DIR; };
		FBE579BD2CAA8AEF00110821 /* AppDelegate.h */ = {isa = PBXFileReference; lastKnownFileType = sourcecode.c.h; path = AppDelegate.h; sourceTree = "<group>"; };
		FBE579BE2CAA8AEF00110821 /* AppDelegate.m */ = {isa = PBXFileReference; lastKnownFileType = sourcecode.c.objc; path = AppDelegate.m; sourceTree = "<group>"; };
		FBE579C02CAA8AEF00110821 /* SceneDelegate.h */ = {isa = PBXFileReference; lastKnownFileType = sourcecode.c.h; path = SceneDelegate.h; sourceTree = "<group>"; };
		FBE579C12CAA8AEF00110821 /* SceneDelegate.m */ = {isa = PBXFileReference; lastKnownFileType = sourcecode.c.objc; path = SceneDelegate.m; sourceTree = "<group>"; };
		FBE579C32CAA8AEF00110821 /* ViewController.h */ = {isa = PBXFileReference; lastKnownFileType = sourcecode.c.h; path = ViewController.h; sourceTree = "<group>"; };
		FBE579C42CAA8AEF00110821 /* ViewController.m */ = {isa = PBXFileReference; lastKnownFileType = sourcecode.c.objc; path = ViewController.m; sourceTree = "<group>"; };
		FBE579C72CAA8AEF00110821 /* Base */ = {isa = PBXFileReference; lastKnownFileType = file.storyboard; name = Base; path = Base.lproj/Main.storyboard; sourceTree = "<group>"; };
		FBE579C92CAA8AF100110821 /* Assets.xcassets */ = {isa = PBXFileReference; lastKnownFileType = folder.assetcatalog; path = Assets.xcassets; sourceTree = "<group>"; };
		FBE579CC2CAA8AF100110821 /* Base */ = {isa = PBXFileReference; lastKnownFileType = file.storyboard; name = Base; path = Base.lproj/LaunchScreen.storyboard; sourceTree = "<group>"; };
		FBE579CE2CAA8AF100110821 /* Info.plist */ = {isa = PBXFileReference; lastKnownFileType = text.plist.xml; path = Info.plist; sourceTree = "<group>"; };
		FBE579CF2CAA8AF100110821 /* main.m */ = {isa = PBXFileReference; lastKnownFileType = sourcecode.c.objc; path = main.m; sourceTree = "<group>"; };
		FBE579D52CAA8AF100110821 /* UISwipeGestureTests.xctest */ = {isa = PBXFileReference; explicitFileType = wrapper.cfbundle; includeInIndex = 0; path = UISwipeGestureTests.xctest; sourceTree = BUILT_PRODUCTS_DIR; };
		FBE579D92CAA8AF100110821 /* UISwipeGestureTests.m */ = {isa = PBXFileReference; lastKnownFileType = sourcecode.c.objc; path = UISwipeGestureTests.m; sourceTree = "<group>"; };
		FBE579DF2CAA8AF100110821 /* UISwipeGestureUITests.xctest */ = {isa = PBXFileReference; explicitFileType = wrapper.cfbundle; includeInIndex = 0; path = UISwipeGestureUITests.xctest; sourceTree = BUILT_PRODUCTS_DIR; };
		FBE579E32CAA8AF100110821 /* UISwipeGestureUITests.m */ = {isa = PBXFileReference; lastKnownFileType = sourcecode.c.objc; path = UISwipeGestureUITests.m; sourceTree = "<group>"; };
		FBE579E52CAA8AF100110821 /* UISwipeGestureUITestsLaunchTests.m */ = {isa = PBXFileReference; lastKnownFileType = sourcecode.c.objc; path = UISwipeGestureUITestsLaunchTests.m; sourceTree = "<group>"; };
/* End PBXFileReference section */

/* Begin PBXFrameworksBuildPhase section */
		FBE579B72CAA8AEF00110821 /* Frameworks */ = {
			isa = PBXFrameworksBuildPhase;
			buildActionMask = 2147483647;
			files = (
			);
			runOnlyForDeploymentPostprocessing = 0;
		};
		FBE579D22CAA8AF100110821 /* Frameworks */ = {
			isa = PBXFrameworksBuildPhase;
			buildActionMask = 2147483647;
			files = (
			);
			runOnlyForDeploymentPostprocessing = 0;
		};
		FBE579DC2CAA8AF100110821 /* Frameworks */ = {
			isa = PBXFrameworksBuildPhase;
			buildActionMask = 2147483647;
			files = (
			);
			runOnlyForDeploymentPostprocessing = 0;
		};
/* End PBXFrameworksBuildPhase section */

/* Begin PBXGroup section */
		FBE579B12CAA8AEF00110821 = {
			isa = PBXGroup;
			children = (
				FBE579BC2CAA8AEF00110821 /* UISwipeGesture */,
				FBE579D82CAA8AF100110821 /* UISwipeGestureTests */,
				FBE579E22CAA8AF100110821 /* UISwipeGestureUITests */,
				FBE579BB2CAA8AEF00110821 /* Products */,
			);
			sourceTree = "<group>";
		};
		FBE579BB2CAA8AEF00110821 /* Products */ = {
			isa = PBXGroup;
			children = (
				FBE579BA2CAA8AEF00110821 /* UISwipeGesture.app */,
				FBE579D52CAA8AF100110821 /* UISwipeGestureTests.xctest */,
				FBE579DF2CAA8AF100110821 /* UISwipeGestureUITests.xctest */,
			);
			name = Products;
			sourceTree = "<group>";
		};
		FBE579BC2CAA8AEF00110821 /* UISwipeGesture */ = {
			isa = PBXGroup;
			children = (
				FBE579BD2CAA8AEF00110821 /* AppDelegate.h */,
				FBE579BE2CAA8AEF00110821 /* AppDelegate.m */,
				FBE579C02CAA8AEF00110821 /* SceneDelegate.h */,
				FBE579C12CAA8AEF00110821 /* SceneDelegate.m */,
				FBE579C32CAA8AEF00110821 /* ViewController.h */,
				FBE579C42CAA8AEF00110821 /* ViewController.m */,
				FBE579C62CAA8AEF00110821 /* Main.storyboard */,
				FBE579C92CAA8AF100110821 /* Assets.xcassets */,
				FBE579CB2CAA8AF100110821 /* LaunchScreen.storyboard */,
				FBE579CE2CAA8AF100110821 /* Info.plist */,
				FBE579CF2CAA8AF100110821 /* main.m */,
			);
			path = UISwipeGesture;
			sourceTree = "<group>";
		};
		FBE579D82CAA8AF100110821 /* UISwipeGestureTests */ = {
			isa = PBXGroup;
			children = (
				FBE579D92CAA8AF100110821 /* UISwipeGestureTests.m */,
			);
			path = UISwipeGestureTests;
			sourceTree = "<group>";
		};
		FBE579E22CAA8AF100110821 /* UISwipeGestureUITests */ = {
			isa = PBXGroup;
			children = (
				FBE579E32CAA8AF100110821 /* UISwipeGestureUITests.m */,
				FBE579E52CAA8AF100110821 /* UISwipeGestureUITestsLaunchTests.m */,
			);
			path = UISwipeGestureUITests;
			sourceTree = "<group>";
		};
/* End PBXGroup section */

/* Begin PBXNativeTarget section */
		FBE579B92CAA8AEF00110821 /* UISwipeGesture */ = {
			isa = PBXNativeTarget;
			buildConfigurationList = FBE579E92CAA8AF100110821 /* Build configuration list for PBXNativeTarget "UISwipeGesture" */;
			buildPhases = (
				FBE579B62CAA8AEF00110821 /* Sources */,
				FBE579B72CAA8AEF00110821 /* Frameworks */,
				FBE579B82CAA8AEF00110821 /* Resources */,
			);
			buildRules = (
			);
			dependencies = (
			);
			name = UISwipeGesture;
			productName = UISwipeGesture;
			productReference = FBE579BA2CAA8AEF00110821 /* UISwipeGesture.app */;
			productType = "com.apple.product-type.application";
		};
		FBE579D42CAA8AF100110821 /* UISwipeGestureTests */ = {
			isa = PBXNativeTarget;
			buildConfigurationList = FBE579EC2CAA8AF100110821 /* Build configuration list for PBXNativeTarget "UISwipeGestureTests" */;
			buildPhases = (
				FBE579D12CAA8AF100110821 /* Sources */,
				FBE579D22CAA8AF100110821 /* Frameworks */,
				FBE579D32CAA8AF100110821 /* Resources */,
			);
			buildRules = (
			);
			dependencies = (
				FBE579D72CAA8AF100110821 /* PBXTargetDependency */,
			);
			name = UISwipeGestureTests;
			productName = UISwipeGestureTests;
			productReference = FBE579D52CAA8AF100110821 /* UISwipeGestureTests.xctest */;
			productType = "com.apple.product-type.bundle.unit-test";
		};
		FBE579DE2CAA8AF100110821 /* UISwipeGestureUITests */ = {
			isa = PBXNativeTarget;
			buildConfigurationList = FBE579EF2CAA8AF100110821 /* Build configuration list for PBXNativeTarget "UISwipeGestureUITests" */;
			buildPhases = (
				FBE579DB2CAA8AF100110821 /* Sources */,
				FBE579DC2CAA8AF100110821 /* Frameworks */,
				FBE579DD2CAA8AF100110821 /* Resources */,
			);
			buildRules = (
			);
			dependencies = (
				FBE579E12CAA8AF100110821 /* PBXTargetDependency */,
			);
			name = UISwipeGestureUITests;
			productName = UISwipeGestureUITests;
			productReference = FBE579DF2CAA8AF100110821 /* UISwipeGestureUITests.xctest */;
			productType = "com.apple.product-type.bundle.ui-testing";
		};
/* End PBXNativeTarget section */

/* Begin PBXProject section */
		FBE579B22CAA8AEF00110821 /* Project object */ = {
			isa = PBXProject;
			attributes = {
				BuildIndependentTargetsInParallel = 1;
				LastUpgradeCheck = 1540;
				TargetAttributes = {
					FBE579B92CAA8AEF00110821 = {
						CreatedOnToolsVersion = 15.4;
					};
					FBE579D42CAA8AF100110821 = {
						CreatedOnToolsVersion = 15.4;
						TestTargetID = FBE579B92CAA8AEF00110821;
					};
					FBE579DE2CAA8AF100110821 = {
						CreatedOnToolsVersion = 15.4;
						TestTargetID = FBE579B92CAA8AEF00110821;
					};
				};
			};
			buildConfigurationList = FBE579B52CAA8AEF00110821 /* Build configuration list for PBXProject "UISwipeGesture" */;
			compatibilityVersion = "Xcode 14.0";
			developmentRegion = en;
			hasScannedForEncodings = 0;
			knownRegions = (
				en,
				Base,
			);
			mainGroup = FBE579B12CAA8AEF00110821;
			productRefGroup = FBE579BB2CAA8AEF00110821 /* Products */;
			projectDirPath = "";
			projectRoot = "";
			targets = (
				FBE579B92CAA8AEF00110821 /* UISwipeGesture */,
				FBE579D42CAA8AF100110821 /* UISwipeGestureTests */,
				FBE579DE2CAA8AF100110821 /* UISwipeGestureUITests */,
			);
		};
/* End PBXProject section */

/* Begin PBXResourcesBuildPhase section */
		FBE579B82CAA8AEF00110821 /* Resources */ = {
			isa = PBXResourcesBuildPhase;
			buildActionMask = 2147483647;
			files = (
				FBE579CA2CAA8AF100110821 /* Assets.xcassets in Resources */,
				FBE579CD2CAA8AF100110821 /* Base in Resources */,
				FBE579C82CAA8AEF00110821 /* Base in Resources */,
			);
			runOnlyForDeploymentPostprocessing = 0;
		};
		FBE579D32CAA8AF100110821 /* Resources */ = {
			isa = PBXResourcesBuildPhase;
			buildActionMask = 2147483647;
			files = (
			);
			runOnlyForDeploymentPostprocessing = 0;
		};
		FBE579DD2CAA8AF100110821 /* Resources */ = {
			isa = PBXResourcesBuildPhase;
			buildActionMask = 2147483647;
			files = (
			);
			runOnlyForDeploymentPostprocessing = 0;
		};
/* End PBXResourcesBuildPhase section */

/* Begin PBXSourcesBuildPhase section */
		FBE579B62CAA8AEF00110821 /* Sources */ = {
			isa = PBXSourcesBuildPhase;
			buildActionMask = 2147483647;
			files = (
				FBE579C52CAA8AEF00110821 /* ViewController.m in Sources */,
				FBE579BF2CAA8AEF00110821 /* AppDelegate.m in Sources */,
				FBE579D02CAA8AF100110821 /* main.m in Sources */,
				FBE579C22CAA8AEF00110821 /* SceneDelegate.m in Sources */,
			);
			runOnlyForDeploymentPostprocessing = 0;
		};
		FBE579D12CAA8AF100110821 /* Sources */ = {
			isa = PBXSourcesBuildPhase;
			buildActionMask = 2147483647;
			files = (
				FBE579DA2CAA8AF100110821 /* UISwipeGestureTests.m in Sources */,
			);
			runOnlyForDeploymentPostprocessing = 0;
		};
		FBE579DB2CAA8AF100110821 /* Sources */ = {
			isa = PBXSourcesBuildPhase;
			buildActionMask = 2147483647;
			files = (
				FBE579E42CAA8AF100110821 /* UISwipeGestureUITests.m in Sources */,
				FBE579E62CAA8AF100110821 /* UISwipeGestureUITestsLaunchTests.m in Sources */,
			);
			runOnlyForDeploymentPostprocessing = 0;
		};
/* End PBXSourcesBuildPhase section */

/* Begin PBXTargetDependency section */
		FBE579D72CAA8AF100110821 /* PBXTargetDependency */ = {
			isa = PBXTargetDependency;
			target = FBE579B92CAA8AEF00110821 /* UISwipeGesture */;
			targetProxy = FBE579D62CAA8AF100110821 /* PBXContainerItemProxy */;
		};
		FBE579E12CAA8AF100110821 /* PBXTargetDependency */ = {
			isa = PBXTargetDependency;
			target = FBE579B92CAA8AEF00110821 /* UISwipeGesture */;
			targetProxy = FBE579E02CAA8AF100110821 /* PBXContainerItemProxy */;
		};
/* End PBXTargetDependency section */

/* Begin PBXVariantGroup section */
		FBE579C62CAA8AEF00110821 /* Main.storyboard */ = {
			isa = PBXVariantGroup;
			children = (
				FBE579C72CAA8AEF00110821 /* Base */,
			);
			name = Main.storyboard;
			sourceTree = "<group>";
		};
		FBE579CB2CAA8AF100110821 /* LaunchScreen.storyboard */ = {
			isa = PBXVariantGroup;
			children = (
				FBE579CC2CAA8AF100110821 /* Base */,
			);
			name = LaunchScreen.storyboard;
			sourceTree = "<group>";
		};
/* End PBXVariantGroup section */

/* Begin XCBuildConfiguration section */
		FBE579E72CAA8AF100110821 /* Debug */ = {
			isa = XCBuildConfiguration;
			buildSettings = {
				ALWAYS_SEARCH_USER_PATHS = NO;
				ASSETCATALOG_COMPILER_GENERATE_SWIFT_ASSET_SYMBOL_EXTENSIONS = YES;
				CLANG_ANALYZER_NONNULL = YES;
				CLANG_ANALYZER_NUMBER_OBJECT_CONVERSION = YES_AGGRESSIVE;
				CLANG_CXX_LANGUAGE_STANDARD = "gnu++20";
				CLANG_ENABLE_MODULES = YES;
				CLANG_ENABLE_OBJC_ARC = YES;
				CLANG_ENABLE_OBJC_WEAK = YES;
				CLANG_WARN_BLOCK_CAPTURE_AUTORELEASING = YES;
				CLANG_WARN_BOOL_CONVERSION = YES;
				CLANG_WARN_COMMA = YES;
				CLANG_WARN_CONSTANT_CONVERSION = YES;
				CLANG_WARN_DEPRECATED_OBJC_IMPLEMENTATIONS = YES;
				CLANG_WARN_DIRECT_OBJC_ISA_USAGE = YES_ERROR;
				CLANG_WARN_DOCUMENTATION_COMMENTS = YES;
				CLANG_WARN_EMPTY_BODY = YES;
				CLANG_WARN_ENUM_CONVERSION = YES;
				CLANG_WARN_INFINITE_RECURSION = YES;
				CLANG_WARN_INT_CONVERSION = YES;
				CLANG_WARN_NON_LITERAL_NULL_CONVERSION = YES;
				CLANG_WARN_OBJC_IMPLICIT_RETAIN_SELF = YES;
				CLANG_WARN_OBJC_LITERAL_CONVERSION = YES;
				CLANG_WARN_OBJC_ROOT_CLASS = YES_ERROR;
				CLANG_WARN_QUOTED_INCLUDE_IN_FRAMEWORK_HEADER = YES;
				CLANG_WARN_RANGE_LOOP_ANALYSIS = YES;
				CLANG_WARN_STRICT_PROTOTYPES = YES;
				CLANG_WARN_SUSPICIOUS_MOVE = YES;
				CLANG_WARN_UNGUARDED_AVAILABILITY = YES_AGGRESSIVE;
				CLANG_WARN_UNREACHABLE_CODE = YES;
				CLANG_WARN__DUPLICATE_METHOD_MATCH = YES;
				COPY_PHASE_STRIP = NO;
				DEBUG_INFORMATION_FORMAT = dwarf;
				ENABLE_STRICT_OBJC_MSGSEND = YES;
				ENABLE_TESTABILITY = YES;
				ENABLE_USER_SCRIPT_SANDBOXING = YES;
				GCC_C_LANGUAGE_STANDARD = gnu17;
				GCC_DYNAMIC_NO_PIC = NO;
				GCC_NO_COMMON_BLOCKS = YES;
				GCC_OPTIMIZATION_LEVEL = 0;
				GCC_PREPROCESSOR_DEFINITIONS = (
					"DEBUG=1",
					"$(inherited)",
				);
				GCC_WARN_64_TO_32_BIT_CONVERSION = YES;
				GCC_WARN_ABOUT_RETURN_TYPE = YES_ERROR;
				GCC_WARN_UNDECLARED_SELECTOR = YES;
				GCC_WARN_UNINITIALIZED_AUTOS = YES_AGGRESSIVE;
				GCC_WARN_UNUSED_FUNCTION = YES;
				GCC_WARN_UNUSED_VARIABLE = YES;
				IPHONEOS_DEPLOYMENT_TARGET = 17.5;
				LOCALIZATION_PREFERS_STRING_CATALOGS = YES;
				MTL_ENABLE_DEBUG_INFO = INCLUDE_SOURCE;
				MTL_FAST_MATH = YES;
				ONLY_ACTIVE_ARCH = YES;
				SDKROOT = iphoneos;
			};
			name = Debug;
		};
		FBE579E82CAA8AF100110821 /* Release */ = {
			isa = XCBuildConfiguration;
			buildSettings = {
				ALWAYS_SEARCH_USER_PATHS = NO;
				ASSETCATALOG_COMPILER_GENERATE_SWIFT_ASSET_SYMBOL_EXTENSIONS = YES;
				CLANG_ANALYZER_NONNULL = YES;
				CLANG_ANALYZER_NUMBER_OBJECT_CONVERSION = YES_AGGRESSIVE;
				CLANG_CXX_LANGUAGE_STANDARD = "gnu++20";
				CLANG_ENABLE_MODULES = YES;
				CLANG_ENABLE_OBJC_ARC = YES;
				CLANG_ENABLE_OBJC_WEAK = YES;
				CLANG_WARN_BLOCK_CAPTURE_AUTORELEASING = YES;
				CLANG_WARN_BOOL_CONVERSION = YES;
				CLANG_WARN_COMMA = YES;
				CLANG_WARN_CONSTANT_CONVERSION = YES;
				CLANG_WARN_DEPRECATED_OBJC_IMPLEMENTATIONS = YES;
				CLANG_WARN_DIRECT_OBJC_ISA_USAGE = YES_ERROR;
				CLANG_WARN_DOCUMENTATION_COMMENTS = YES;
				CLANG_WARN_EMPTY_BODY = YES;
				CLANG_WARN_ENUM_CONVERSION = YES;
				CLANG_WARN_INFINITE_RECURSION = YES;
				CLANG_WARN_INT_CONVERSION = YES;
				CLANG_WARN_NON_LITERAL_NULL_CONVERSION = YES;
				CLANG_WARN_OBJC_IMPLICIT_RETAIN_SELF = YES;
				CLANG_WARN_OBJC_LITERAL_CONVERSION = YES;
				CLANG_WARN_OBJC_ROOT_CLASS = YES_ERROR;
				CLANG_WARN_QUOTED_INCLUDE_IN_FRAMEWORK_HEADER = YES;
				CLANG_WARN_RANGE_LOOP_ANALYSIS = YES;
				CLANG_WARN_STRICT_PROTOTYPES = YES;
				CLANG_WARN_SUSPICIOUS_MOVE = YES;
				CLANG_WARN_UNGUARDED_AVAILABILITY = YES_AGGRESSIVE;
				CLANG_WARN_UNREACHABLE_CODE = YES;
				CLANG_WARN__DUPLICATE_METHOD_MATCH = YES;
				COPY_PHASE_STRIP = NO;
				DEBUG_INFORMATION_FORMAT = "dwarf-with-dsym";
				ENABLE_NS_ASSERTIONS = NO;
				ENABLE_STRICT_OBJC_MSGSEND = YES;
				ENABLE_USER_SCRIPT_SANDBOXING = YES;
				GCC_C_LANGUAGE_STANDARD = gnu17;
				GCC_NO_COMMON_BLOCKS = YES;
				GCC_WARN_64_TO_32_BIT_CONVERSION = YES;
				GCC_WARN_ABOUT_RETURN_TYPE = YES_ERROR;
				GCC_WARN_UNDECLARED_SELECTOR = YES;
				GCC_WARN_UNINITIALIZED_AUTOS = YES_AGGRESSIVE;
				GCC_WARN_UNUSED_FUNCTION = YES;
				GCC_WARN_UNUSED_VARIABLE = YES;
				IPHONEOS_DEPLOYMENT_TARGET = 17.5;
				LOCALIZATION_PREFERS_STRING_CATALOGS = YES;
				MTL_ENABLE_DEBUG_INFO = NO;
				MTL_FAST_MATH = YES;
				SDKROOT = iphoneos;
				VALIDATE_PRODUCT = YES;
			};
			name = Release;
		};
		FBE579EA2CAA8AF100110821 /* Debug */ = {
			isa = XCBuildConfiguration;
			buildSettings = {
				ASSETCATALOG_COMPILER_APPICON_NAME = AppIcon;
				ASSETCATALOG_COMPILER_GLOBAL_ACCENT_COLOR_NAME = AccentColor;
				CODE_SIGN_STYLE = Automatic;
				CURRENT_PROJECT_VERSION = 1;
				DEVELOPMENT_TEAM = 9AUBMAHTHG;
				GENERATE_INFOPLIST_FILE = YES;
				INFOPLIST_FILE = UISwipeGesture/Info.plist;
				INFOPLIST_KEY_UIApplicationSupportsIndirectInputEvents = YES;
				INFOPLIST_KEY_UILaunchStoryboardName = LaunchScreen;
				INFOPLIST_KEY_UIMainStoryboardFile = Main;
				INFOPLIST_KEY_UISupportedInterfaceOrientations_iPad = "UIInterfaceOrientationPortrait UIInterfaceOrientationPortraitUpsideDown UIInterfaceOrientationLandscapeLeft UIInterfaceOrientationLandscapeRight";
				INFOPLIST_KEY_UISupportedInterfaceOrientations_iPhone = "UIInterfaceOrientationPortrait UIInterfaceOrientationLandscapeLeft UIInterfaceOrientationLandscapeRight";
				LD_RUNPATH_SEARCH_PATHS = (
					"$(inherited)",
					"@executable_path/Frameworks",
				);
				MARKETING_VERSION = 1.0;
				PRODUCT_BUNDLE_IDENTIFIER = example.UISwipeGesture;
				PRODUCT_NAME = "$(TARGET_NAME)";
				SWIFT_EMIT_LOC_STRINGS = YES;
				TARGETED_DEVICE_FAMILY = "1,2";
			};
			name = Debug;
		};
		FBE579EB2CAA8AF100110821 /* Release */ = {
			isa = XCBuildConfiguration;
			buildSettings = {
				ASSETCATALOG_COMPILER_APPICON_NAME = AppIcon;
				ASSETCATALOG_COMPILER_GLOBAL_ACCENT_COLOR_NAME = AccentColor;
				CODE_SIGN_STYLE = Automatic;
				CURRENT_PROJECT_VERSION = 1;
				DEVELOPMENT_TEAM = 9AUBMAHTHG;
				GENERATE_INFOPLIST_FILE = YES;
				INFOPLIST_FILE = UISwipeGesture/Info.plist;
				INFOPLIST_KEY_UIApplicationSupportsIndirectInputEvents = YES;
				INFOPLIST_KEY_UILaunchStoryboardName = LaunchScreen;
				INFOPLIST_KEY_UIMainStoryboardFile = Main;
				INFOPLIST_KEY_UISupportedInterfaceOrientations_iPad = "UIInterfaceOrientationPortrait UIInterfaceOrientationPortraitUpsideDown UIInterfaceOrientationLandscapeLeft UIInterfaceOrientationLandscapeRight";
				INFOPLIST_KEY_UISupportedInterfaceOrientations_iPhone = "UIInterfaceOrientationPortrait UIInterfaceOrientationLandscapeLeft UIInterfaceOrientationLandscapeRight";
				LD_RUNPATH_SEARCH_PATHS = (
					"$(inherited)",
					"@executable_path/Frameworks",
				);
				MARKETING_VERSION = 1.0;
				PRODUCT_BUNDLE_IDENTIFIER = example.UISwipeGesture;
				PRODUCT_NAME = "$(TARGET_NAME)";
				SWIFT_EMIT_LOC_STRINGS = YES;
				TARGETED_DEVICE_FAMILY = "1,2";
			};
			name = Release;
		};
		FBE579ED2CAA8AF100110821 /* Debug */ = {
			isa = XCBuildConfiguration;
			buildSettings = {
				BUNDLE_LOADER = "$(TEST_HOST)";
				CODE_SIGN_STYLE = Automatic;
				CURRENT_PROJECT_VERSION = 1;
				DEVELOPMENT_TEAM = 9AUBMAHTHG;
				GENERATE_INFOPLIST_FILE = YES;
				IPHONEOS_DEPLOYMENT_TARGET = 17.5;
				MARKETING_VERSION = 1.0;
				PRODUCT_BUNDLE_IDENTIFIER = example.UISwipeGestureTests;
				PRODUCT_NAME = "$(TARGET_NAME)";
				SWIFT_EMIT_LOC_STRINGS = NO;
				TARGETED_DEVICE_FAMILY = "1,2";
				TEST_HOST = "$(BUILT_PRODUCTS_DIR)/UISwipeGesture.app/$(BUNDLE_EXECUTABLE_FOLDER_PATH)/UISwipeGesture";
			};
			name = Debug;
		};
		FBE579EE2CAA8AF100110821 /* Release */ = {
			isa = XCBuildConfiguration;
			buildSettings = {
				BUNDLE_LOADER = "$(TEST_HOST)";
				CODE_SIGN_STYLE = Automatic;
				CURRENT_PROJECT_VERSION = 1;
				DEVELOPMENT_TEAM = 9AUBMAHTHG;
				GENERATE_INFOPLIST_FILE = YES;
				IPHONEOS_DEPLOYMENT_TARGET = 17.5;
				MARKETING_VERSION = 1.0;
				PRODUCT_BUNDLE_IDENTIFIER = example.UISwipeGestureTests;
				PRODUCT_NAME = "$(TARGET_NAME)";
				SWIFT_EMIT_LOC_STRINGS = NO;
				TARGETED_DEVICE_FAMILY = "1,2";
				TEST_HOST = "$(BUILT_PRODUCTS_DIR)/UISwipeGesture.app/$(BUNDLE_EXECUTABLE_FOLDER_PATH)/UISwipeGesture";
			};
			name = Release;
		};
		FBE579F02CAA8AF100110821 /* Debug */ = {
			isa = XCBuildConfiguration;
			buildSettings = {
				CODE_SIGN_STYLE = Automatic;
				CURRENT_PROJECT_VERSION = 1;
				DEVELOPMENT_TEAM = 9AUBMAHTHG;
				GENERATE_INFOPLIST_FILE = YES;
				MARKETING_VERSION = 1.0;
				PRODUCT_BUNDLE_IDENTIFIER = example.UISwipeGestureUITests;
				PRODUCT_NAME = "$(TARGET_NAME)";
				SWIFT_EMIT_LOC_STRINGS = NO;
				TARGETED_DEVICE_FAMILY = "1,2";
				TEST_TARGET_NAME = UISwipeGesture;
			};
			name = Debug;
		};
		FBE579F12CAA8AF100110821 /* Release */ = {
			isa = XCBuildConfiguration;
			buildSettings = {
				CODE_SIGN_STYLE = Automatic;
				CURRENT_PROJECT_VERSION = 1;
				DEVELOPMENT_TEAM = 9AUBMAHTHG;
				GENERATE_INFOPLIST_FILE = YES;
				MARKETING_VERSION = 1.0;
				PRODUCT_BUNDLE_IDENTIFIER = example.UISwipeGestureUITests;
				PRODUCT_NAME = "$(TARGET_NAME)";
				SWIFT_EMIT_LOC_STRINGS = NO;
				TARGETED_DEVICE_FAMILY = "1,2";
				TEST_TARGET_NAME = UISwipeGesture;
			};
			name = Release;
		};
/* End XCBuildConfiguration section */

/* Begin XCConfigurationList section */
		FBE579B52CAA8AEF00110821 /* Build configuration list for PBXProject "UISwipeGesture" */ = {
			isa = XCConfigurationList;
			buildConfigurations = (
				FBE579E72CAA8AF100110821 /* Debug */,
				FBE579E82CAA8AF100110821 /* Release */,
			);
			defaultConfigurationIsVisible = 0;
			defaultConfigurationName = Release;
		};
		FBE579E92CAA8AF100110821 /* Build configuration list for PBXNativeTarget "UISwipeGesture" */ = {
			isa = XCConfigurationList;
			buildConfigurations = (
				FBE579EA2CAA8AF100110821 /* Debug */,
				FBE579EB2CAA8AF100110821 /* Release */,
			);
			defaultConfigurationIsVisible = 0;
			defaultConfigurationName = Release;
		};
		FBE579EC2CAA8AF100110821 /* Build configuration list for PBXNativeTarget "UISwipeGestureTests" */ = {
			isa = XCConfigurationList;
			buildConfigurations = (
				FBE579ED2CAA8AF100110821 /* Debug */,
				FBE579EE2CAA8AF100110821 /* Release */,
			);
			defaultConfigurationIsVisible = 0;
			defaultConfigurationName = Release;
		};
		FBE579EF2CAA8AF100110821 /* Build configuration list for PBXNativeTarget "UISwipeGestureUITests" */ = {
			isa = XCConfigurationList;
			buildConfigurations = (
				FBE579F02CAA8AF100110821 /* Debug */,
				FBE579F12CAA8AF100110821 /* Release */,
			);
			defaultConfigurationIsVisible = 0;
			defaultConfigurationName = Release;
		};
/* End XCConfigurationList section */
	};
	rootObject = FBE579B22CAA8AEF00110821 /* Project object */;
}
